<?xml version="1.0" encoding="utf-8"?>
<Project ToolsVersion="4.0" xmlns="http://schemas.microsoft.com/developer/msbuild/2003">
  <ItemGroup>
    <Filter Include="Rally">
      <UniqueIdentifier>{09E4010E-75F8-29BF-3E7A-CD1EAA4D26F0}</UniqueIdentifier>
    </Filter>
  </ItemGroup>
  <ItemGroup>
    <ClInclude Include="src\Rally.h" />
    <ClInclude Include="src\Rally\Application.h">
      <Filter>Rally</Filter>
    </ClInclude>
    <ClInclude Include="src\Rally\Core.h">
      <Filter>Rally</Filter>
    </ClInclude>
    <ClInclude Include="src\Rally\EntryPoint.h">
      <Filter>Rally</Filter>
    </ClInclude>
    <ClInclude Include="src\Rally\Log.h">
      <Filter>Rally</Filter>
    </ClInclude>
  </ItemGroup>
  <ItemGroup>
    <ClCompile Include="src\Rally\Application.cpp">
      <Filter>Rally</Filter>
    </ClCompile>
    <ClCompile Include="src\Rally\Log.cpp">
      <Filter>Rally</Filter>
    </ClCompile>
  </ItemGroup>
</Project>