<?xml version="1.0" encoding="utf-8"?>
<Project ToolsVersion="4.0" xmlns="http://schemas.microsoft.com/developer/msbuild/2003">
  <ItemGroup>
    <Filter Include="Platforms">
      <UniqueIdentifier>{DDACA145-4917-56BC-9255-0762FEFE3311}</UniqueIdentifier>
    </Filter>
    <Filter Include="Platforms\OpenGL">
      <UniqueIdentifier>{719BB998-5D94-D8EA-86C6-BD6F721EB8F6}</UniqueIdentifier>
    </Filter>
    <Filter Include="Platforms\Windows">
      <UniqueIdentifier>{17E40808-83FA-069E-CC71-92BF38C7D725}</UniqueIdentifier>
    </Filter>
    <Filter Include="Rally">
      <UniqueIdentifier>{09E4010E-75F8-29BF-3E7A-CD1EAA4D26F0}</UniqueIdentifier>
    </Filter>
    <Filter Include="Rally\Events">
      <UniqueIdentifier>{CD8B3FDE-B9EE-CE82-6274-07394EB69A05}</UniqueIdentifier>
    </Filter>
    <Filter Include="Rally\ImGui">
      <UniqueIdentifier>{F37BB1D0-5F31-2AC6-E825-249D54DA20CA}</UniqueIdentifier>
    </Filter>
  </ItemGroup>
  <ItemGroup>
    <ClInclude Include="src\Platforms\OpenGL\ImGuiOpenGLRenderer.h">
      <Filter>Platforms\OpenGL</Filter>
    </ClInclude>
    <ClInclude Include="src\Platforms\Windows\WindowsWindow.h">
      <Filter>Platforms\Windows</Filter>
    </ClInclude>
    <ClInclude Include="src\Rally.h" />
    <ClInclude Include="src\Rally\Application.h">
      <Filter>Rally</Filter>
    </ClInclude>
    <ClInclude Include="src\Rally\Core.h">
      <Filter>Rally</Filter>
    </ClInclude>
    <ClInclude Include="src\Rally\EntryPoint.h">
      <Filter>Rally</Filter>
    </ClInclude>
    <ClInclude Include="src\Rally\Events\ApplicationEvent.h">
      <Filter>Rally\Events</Filter>
    </ClInclude>
    <ClInclude Include="src\Rally\Events\Event.h">
      <Filter>Rally\Events</Filter>
    </ClInclude>
    <ClInclude Include="src\Rally\Events\KeyEvent.h">
      <Filter>Rally\Events</Filter>
    </ClInclude>
    <ClInclude Include="src\Rally\Events\MouseEvent.h">
      <Filter>Rally\Events</Filter>
    </ClInclude>
    <ClInclude Include="src\Rally\ImGui\ImGuiLayer.h">
      <Filter>Rally\ImGui</Filter>
    </ClInclude>
    <ClInclude Include="src\Rally\Layer.h">
      <Filter>Rally</Filter>
    </ClInclude>
    <ClInclude Include="src\Rally\LayerStack.h">
      <Filter>Rally</Filter>
    </ClInclude>
    <ClInclude Include="src\Rally\Log.h">
      <Filter>Rally</Filter>
    </ClInclude>
    <ClInclude Include="src\Rally\Window.h">
      <Filter>Rally</Filter>
    </ClInclude>
    <ClInclude Include="src\rlpch.h" />
    <ClInclude Include="src\Rally\Input.h" />
    <ClInclude Include="src\Platforms\Windows\WindowsInput.h" />
  </ItemGroup>
  <ItemGroup>
    <ClCompile Include="src\Platforms\OpenGL\ImGuiOpenGLRenderer.cpp">
      <Filter>Platforms\OpenGL</Filter>
    </ClCompile>
    <ClCompile Include="src\Platforms\Windows\WindowsWindow.cpp">
      <Filter>Platforms\Windows</Filter>
    </ClCompile>
    <ClCompile Include="src\Rally\Application.cpp">
      <Filter>Rally</Filter>
    </ClCompile>
    <ClCompile Include="src\Rally\ImGui\ImGuiLayer.cpp">
      <Filter>Rally\ImGui</Filter>
    </ClCompile>
    <ClCompile Include="src\Rally\Layer.cpp">
      <Filter>Rally</Filter>
    </ClCompile>
    <ClCompile Include="src\Rally\LayerStack.cpp">
      <Filter>Rally</Filter>
    </ClCompile>
    <ClCompile Include="src\Rally\Log.cpp">
      <Filter>Rally</Filter>
    </ClCompile>
    <ClCompile Include="src\rlpch.cpp" />
    <ClCompile Include="src\Platforms\Windows\WindowsInput.cpp" />
  </ItemGroup>
</Project>